
Microsoft Visual Studio Solution File, Format Version 12.00
# Visual Studio 15
VisualStudioVersion = 15.0.28307.960
MinimumVisualStudioVersion = 10.0.40219.1
Project("{8BC9CEB8-8B4A-11D0-8D11-00A0C91BC942}") = "About_Animal", "About_Animal\About_Animal.vcxproj", "{53A0048B-3001-478C-A885-C651667B1773}"
EndProject
Global
	GlobalSection(SolutionConfigurationPlatforms) = preSolution
		Debug|x64 = Debug|x64
		Debug|x86 = Debug|x86
		Release|x64 = Release|x64
		Release|x86 = Release|x86
	EndGlobalSection
	GlobalSection(ProjectConfigurationPlatforms) = postSolution
		{53A0048B-3001-478C-A885-C651667B1773}.Debug|x64.ActiveCfg = Debug|x64
		{53A0048B-3001-478C-A885-C651667B1773}.Debug|x64.Build.0 = Debug|x64
		{53A0048B-3001-478C-A885-C651667B1773}.Debug|x86.ActiveCfg = Debug|Win32
		{53A0048B-3001-478C-A885-C651667B1773}.Debug|x86.Build.0 = Debug|Win32
		{53A0048B-3001-478C-A885-C651667B1773}.Release|x64.ActiveCfg = Release|x64
		{53A0048B-3001-478C-A885-C651667B1773}.Release|x64.Build.0 = Release|x64
		{53A0048B-3001-478C-A885-C651667B1773}.Release|x86.ActiveCfg = Release|Win32
		{53A0048B-3001-478C-A885-C651667B1773}.Release|x86.Build.0 = Release|Win32
	EndGlobalSection
	GlobalSection(SolutionProperties) = preSolution
		HideSolutionNode = FALSE
	EndGlobalSection
	GlobalSection(ExtensibilityGlobals) = postSolution
		SolutionGuid = {D89A88E1-20B5-4D8E-932C-F635753B4E75}
	EndGlobalSection
EndGlobal
